
Microsoft Visual Studio Solution File, Format Version 12.00
# Visual Studio Version 17
VisualStudioVersion = 17.0.32014.148
MinimumVisualStudioVersion = 10.0.40219.1
Project("{9A19103F-16F7-4668-BE54-9A1E7A4F7556}") = "myApp", "myApp\myApp.csproj", "{8A71BC6E-47E6-4822-8950-7A58ECCFD964}"
EndProject
Project("{151D2E53-A2C4-4D7D-83FE-D05416EBD58E}") = "arm", "..\Bnk-Iac-Azure/deploy\arm\arm.deployproj", "{AD0C28D9-8C61-4333-B8A9-82DDD5715287}"
EndProject
Global
	GlobalSection(SolutionConfigurationPlatforms) = preSolution
		Debug|Any CPU = Debug|Any CPU
		Release|Any CPU = Release|Any CPU
	EndGlobalSection
	GlobalSection(ProjectConfigurationPlatforms) = postSolution
		{8A71BC6E-47E6-4822-8950-7A58ECCFD964}.Debug|Any CPU.ActiveCfg = Debug|Any CPU
		{8A71BC6E-47E6-4822-8950-7A58ECCFD964}.Debug|Any CPU.Build.0 = Debug|Any CPU
		{8A71BC6E-47E6-4822-8950-7A58ECCFD964}.Release|Any CPU.ActiveCfg = Release|Any CPU
		{8A71BC6E-47E6-4822-8950-7A58ECCFD964}.Release|Any CPU.Build.0 = Release|Any CPU
		{AD0C28D9-8C61-4333-B8A9-82DDD5715287}.Debug|Any CPU.ActiveCfg = Debug|Any CPU
		{AD0C28D9-8C61-4333-B8A9-82DDD5715287}.Debug|Any CPU.Build.0 = Debug|Any CPU
		{AD0C28D9-8C61-4333-B8A9-82DDD5715287}.Release|Any CPU.ActiveCfg = Release|Any CPU
		{AD0C28D9-8C61-4333-B8A9-82DDD5715287}.Release|Any CPU.Build.0 = Release|Any CPU
	EndGlobalSection
	GlobalSection(SolutionProperties) = preSolution
		HideSolutionNode = FALSE
	EndGlobalSection
	GlobalSection(ExtensibilityGlobals) = postSolution
		SolutionGuid = {6C212D4F-4050-43D8-BCD5-660A464233FD}
	EndGlobalSection
EndGlobal
